
Microsoft Visual Studio Solution File, Format Version 12.00
# Visual Studio 16
Project("{FAE04EC0-301F-11D3-BF4B-00C04F79EFBC}") = "Assembly-CSharp", "Assembly-CSharp.csproj", "{612F6848-3E0C-D991-CE86-A02CB368B654}"
EndProject
Project("{FAE04EC0-301F-11D3-BF4B-00C04F79EFBC}") = "Assembly-CSharp-Editor", "Assembly-CSharp-Editor.csproj", "{8D5176F5-FEAA-6161-39EE-1984CA165918}"
EndProject
Global
	GlobalSection(SolutionConfigurationPlatforms) = preSolution
		Debug|Any CPU = Debug|Any CPU
		Release|Any CPU = Release|Any CPU
	EndGlobalSection
	GlobalSection(ProjectConfigurationPlatforms) = postSolution
		{612F6848-3E0C-D991-CE86-A02CB368B654}.Debug|Any CPU.ActiveCfg = Debug|Any CPU
		{612F6848-3E0C-D991-CE86-A02CB368B654}.Debug|Any CPU.Build.0 = Debug|Any CPU
		{612F6848-3E0C-D991-CE86-A02CB368B654}.Release|Any CPU.ActiveCfg = Release|Any CPU
		{612F6848-3E0C-D991-CE86-A02CB368B654}.Release|Any CPU.Build.0 = Release|Any CPU
		{8D5176F5-FEAA-6161-39EE-1984CA165918}.Debug|Any CPU.ActiveCfg = Debug|Any CPU
		{8D5176F5-FEAA-6161-39EE-1984CA165918}.Debug|Any CPU.Build.0 = Debug|Any CPU
		{8D5176F5-FEAA-6161-39EE-1984CA165918}.Release|Any CPU.ActiveCfg = Release|Any CPU
		{8D5176F5-FEAA-6161-39EE-1984CA165918}.Release|Any CPU.Build.0 = Release|Any CPU
	EndGlobalSection
	GlobalSection(SolutionProperties) = preSolution
		HideSolutionNode = FALSE
	EndGlobalSection
EndGlobal
